
Microsoft Visual Studio Solution File, Format Version 12.00
# Visual Studio 15
Project("{FAE04EC0-301F-11D3-BF4B-00C04F79EFBC}") = "Assembly-CSharp-Editor", "Assembly-CSharp-Editor.csproj", "{C9FF76FC-A98F-D398-7DF6-651A4B42B561}"
EndProject
Project("{FAE04EC0-301F-11D3-BF4B-00C04F79EFBC}") = "Assembly-CSharp", "Assembly-CSharp.csproj", "{C4E55D4A-4331-8495-5BA6-45FC16D81DA4}"
EndProject
Global
	GlobalSection(SolutionConfigurationPlatforms) = preSolution
		Debug|Any CPU = Debug|Any CPU
		Release|Any CPU = Release|Any CPU
	EndGlobalSection
	GlobalSection(ProjectConfigurationPlatforms) = postSolution
		{C9FF76FC-A98F-D398-7DF6-651A4B42B561}.Debug|Any CPU.ActiveCfg = Debug|Any CPU
		{C9FF76FC-A98F-D398-7DF6-651A4B42B561}.Debug|Any CPU.Build.0 = Debug|Any CPU
		{C9FF76FC-A98F-D398-7DF6-651A4B42B561}.Release|Any CPU.ActiveCfg = Release|Any CPU
		{C9FF76FC-A98F-D398-7DF6-651A4B42B561}.Release|Any CPU.Build.0 = Release|Any CPU
		{C4E55D4A-4331-8495-5BA6-45FC16D81DA4}.Debug|Any CPU.ActiveCfg = Debug|Any CPU
		{C4E55D4A-4331-8495-5BA6-45FC16D81DA4}.Debug|Any CPU.Build.0 = Debug|Any CPU
		{C4E55D4A-4331-8495-5BA6-45FC16D81DA4}.Release|Any CPU.ActiveCfg = Release|Any CPU
		{C4E55D4A-4331-8495-5BA6-45FC16D81DA4}.Release|Any CPU.Build.0 = Release|Any CPU
	EndGlobalSection
	GlobalSection(SolutionProperties) = preSolution
		HideSolutionNode = FALSE
	EndGlobalSection
EndGlobal
